<?xml version="1.0" encoding="utf-8"?>
<Project ToolsVersion="4.0" xmlns="http://schemas.microsoft.com/developer/msbuild/2003">
  <ItemGroup>
    <ClCompile Include="game.cpp" />
    <ClCompile Include="template\opencl.cpp">
      <Filter>template</Filter>
    </ClCompile>
    <ClCompile Include="template\opengl.cpp">
      <Filter>template</Filter>
    </ClCompile>
    <ClCompile Include="template\scene.cpp">
      <Filter>template</Filter>
    </ClCompile>
    <ClCompile Include="template\sprite.cpp">
      <Filter>template</Filter>
    </ClCompile>
    <ClCompile Include="template\surface.cpp">
      <Filter>template</Filter>
    </ClCompile>
    <ClCompile Include="template\template.cpp">
      <Filter>template</Filter>
    </ClCompile>
    <ClCompile Include="template\tmpl8math.cpp">
      <Filter>template</Filter>
    </ClCompile>
    <ClCompile Include="ntk\player.cpp">
      <Filter>niek%27s tool kit</Filter>
    </ClCompile>
    <ClCompile Include="ntk\audiomanager.cpp">
      <Filter>niek%27s tool kit\audio</Filter>
    </ClCompile>
    <ClCompile Include="ntk\audiosource.cpp">
      <Filter>niek%27s tool kit\audio</Filter>
    </ClCompile>
    <ClCompile Include="ntk\transform.cpp">
      <Filter>niek%27s tool kit</Filter>
    </ClCompile>
    <ClCompile Include="ntk\resourceholder.cpp">
      <Filter>niek%27s tool kit\resources</Filter>
    </ClCompile>
    <ClCompile Include="ntk\resourceholder.h">
      <Filter>niek%27s tool kit\resources</Filter>
    </ClCompile>
    <ClCompile Include="ntk\tilemap.cpp">
      <Filter>niek%27s tool kit\resources</Filter>
    </ClCompile>
    <ClCompile Include="ntk\input.cpp">
      <Filter>niek%27s tool kit</Filter>
    </ClCompile>
  </ItemGroup>
  <ItemGroup>
    <ClInclude Include="game.h" />
    <ClInclude Include="cl\tools.cl">
      <Filter>kernel</Filter>
    </ClInclude>
    <ClInclude Include="template\common.h">
      <Filter>template</Filter>
    </ClInclude>
    <ClInclude Include="template\opencl.h">
      <Filter>template</Filter>
    </ClInclude>
    <ClInclude Include="template\opengl.h">
      <Filter>template</Filter>
    </ClInclude>
    <ClInclude Include="template\precomp.h">
      <Filter>template</Filter>
    </ClInclude>
    <ClInclude Include="template\scene.h">
      <Filter>template</Filter>
    </ClInclude>
    <ClInclude Include="template\sprite.h">
      <Filter>template</Filter>
    </ClInclude>
    <ClInclude Include="template\surface.h">
      <Filter>template</Filter>
    </ClInclude>
    <ClInclude Include="template\tmpl8math.h">
      <Filter>template</Filter>
    </ClInclude>
    <ClInclude Include="ntk\player.h">
      <Filter>niek%27s tool kit</Filter>
    </ClInclude>
    <ClInclude Include="ntk\audiomanager.h">
      <Filter>niek%27s tool kit\audio</Filter>
    </ClInclude>
    <ClInclude Include="ntk\audiosource.h">
      <Filter>niek%27s tool kit\audio</Filter>
    </ClInclude>
    <ClInclude Include="ntk\transform.h">
      <Filter>niek%27s tool kit</Filter>
    </ClInclude>
    <ClInclude Include="lib\dr_wav.h">
      <Filter>external lib</Filter>
    </ClInclude>
    <ClInclude Include="ntk\tilemap.h">
      <Filter>niek%27s tool kit\resources</Filter>
    </ClInclude>
    <ClInclude Include="ntk\input.h" />
  </ItemGroup>
  <ItemGroup>
    <None Include="template\LICENSE" />
    <None Include="cl\kernels.cl">
      <Filter>kernel</Filter>
    </None>
    <None Include="assets\maps\test.json" />
    <None Include="assets\maps\test2.json" />
  </ItemGroup>
  <ItemGroup>
    <Filter Include="kernel">
      <UniqueIdentifier>{b1626cca-ca6c-48f8-858b-faf38067c43d}</UniqueIdentifier>
    </Filter>
    <Filter Include="template">
      <UniqueIdentifier>{9035d9db-2760-4b12-a456-4b92701b63fb}</UniqueIdentifier>
    </Filter>
    <Filter Include="niek%27s tool kit">
      <UniqueIdentifier>{433d7868-346f-4da7-9f89-4e3726015d11}</UniqueIdentifier>
    </Filter>
    <Filter Include="niek%27s tool kit\audio">
      <UniqueIdentifier>{3f133c5f-c415-4667-88d1-d196cc885a45}</UniqueIdentifier>
    </Filter>
    <Filter Include="external lib">
      <UniqueIdentifier>{e08e44e3-69b4-4f5b-b7db-d37c34a4cb35}</UniqueIdentifier>
    </Filter>
    <Filter Include="niek%27s tool kit\resources">
      <UniqueIdentifier>{224aea24-ddd3-41ce-a899-7d3f410d8f60}</UniqueIdentifier>
    </Filter>
  </ItemGroup>
  <ItemGroup>
    <Text Include="assets\maps\map.txt" />
  </ItemGroup>
</Project>